<?xml version="1.0" encoding="utf-8"?>
<Project ToolsVersion="4.0" xmlns="http://schemas.microsoft.com/developer/msbuild/2003">
  <ItemGroup>
    <Filter Include="Source Files">
      <UniqueIdentifier>{4FC737F1-C7A5-4376-A066-2A32D752A2FF}</UniqueIdentifier>
      <Extensions>cpp;c;cc;cxx;c++;cppm;ixx;def;odl;idl;hpj;bat;asm;asmx</Extensions>
    </Filter>
    <Filter Include="Header Files">
      <UniqueIdentifier>{93995380-89BD-4b04-88EB-625FBE52EBFB}</UniqueIdentifier>
      <Extensions>h;hh;hpp;hxx;h++;hm;inl;inc;ipp;xsd</Extensions>
    </Filter>
    <Filter Include="Resource Files">
      <UniqueIdentifier>{67DA6AB6-F800-4c08-8B7A-83BB121AAD01}</UniqueIdentifier>
      <Extensions>rc;ico;cur;bmp;dlg;rc2;rct;bin;rgs;gif;jpg;jpeg;jpe;resx;tiff;tif;png;wav;mfcribbon-ms</Extensions>
    </Filter>
  </ItemGroup>
  <ItemGroup>
    <ClCompile Include="EtwFileEventCollector.cpp">
      <Filter>Source Files</Filter>
    </ClCompile>
    <ClCompile Include="service\service.cpp">
      <Filter>Source Files</Filter>
    </ClCompile>
    <ClCompile Include="ulti\debug.cpp">
      <Filter>Source Files</Filter>
    </ClCompile>
    <ClCompile Include="ulti\support.cpp">
      <Filter>Source Files</Filter>
    </ClCompile>
    <ClCompile Include="EtwController.cpp">
      <Filter>Source Files</Filter>
    </ClCompile>
  </ItemGroup>
  <ItemGroup>
    <ClInclude Include="krabs\krabs\filtering\comparers.hpp">
      <Filter>Header Files</Filter>
    </ClInclude>
    <ClInclude Include="krabs\krabs\filtering\event_filter.hpp">
      <Filter>Header Files</Filter>
    </ClInclude>
    <ClInclude Include="krabs\krabs\filtering\predicates.hpp">
      <Filter>Header Files</Filter>
    </ClInclude>
    <ClInclude Include="krabs\krabs\filtering\view_adapters.hpp">
      <Filter>Header Files</Filter>
    </ClInclude>
    <ClInclude Include="krabs\krabs\testing\event_filter_proxy.hpp">
      <Filter>Header Files</Filter>
    </ClInclude>
    <ClInclude Include="krabs\krabs\testing\extended_data_builder.hpp">
      <Filter>Header Files</Filter>
    </ClInclude>
    <ClInclude Include="krabs\krabs\testing\filler.hpp">
      <Filter>Header Files</Filter>
    </ClInclude>
    <ClInclude Include="krabs\krabs\testing\proxy.hpp">
      <Filter>Header Files</Filter>
    </ClInclude>
    <ClInclude Include="krabs\krabs\testing\record_builder.hpp">
      <Filter>Header Files</Filter>
    </ClInclude>
    <ClInclude Include="krabs\krabs\testing\record_property_thunk.hpp">
      <Filter>Header Files</Filter>
    </ClInclude>
    <ClInclude Include="krabs\krabs\testing\synth_record.hpp">
      <Filter>Header Files</Filter>
    </ClInclude>
    <ClInclude Include="krabs\krabs\client.hpp">
      <Filter>Header Files</Filter>
    </ClInclude>
    <ClInclude Include="krabs\krabs\collection_view.hpp">
      <Filter>Header Files</Filter>
    </ClInclude>
    <ClInclude Include="krabs\krabs\compiler_check.hpp">
      <Filter>Header Files</Filter>
    </ClInclude>
    <ClInclude Include="krabs\krabs\errors.hpp">
      <Filter>Header Files</Filter>
    </ClInclude>
    <ClInclude Include="krabs\krabs\etw.hpp">
      <Filter>Header Files</Filter>
    </ClInclude>
    <ClInclude Include="krabs\krabs\guid.hpp">
      <Filter>Header Files</Filter>
    </ClInclude>
    <ClInclude Include="krabs\krabs\kernel_guids.hpp">
      <Filter>Header Files</Filter>
    </ClInclude>
    <ClInclude Include="krabs\krabs\kernel_providers.hpp">
      <Filter>Header Files</Filter>
    </ClInclude>
    <ClInclude Include="krabs\krabs\kt.hpp">
      <Filter>Header Files</Filter>
    </ClInclude>
    <ClInclude Include="krabs\krabs\parse_types.hpp">
      <Filter>Header Files</Filter>
    </ClInclude>
    <ClInclude Include="krabs\krabs\parser.hpp">
      <Filter>Header Files</Filter>
    </ClInclude>
    <ClInclude Include="krabs\krabs\perfinfo_groupmask.hpp">
      <Filter>Header Files</Filter>
    </ClInclude>
    <ClInclude Include="krabs\krabs\property.hpp">
      <Filter>Header Files</Filter>
    </ClInclude>
    <ClInclude Include="krabs\krabs\provider.hpp">
      <Filter>Header Files</Filter>
    </ClInclude>
    <ClInclude Include="krabs\krabs\schema.hpp">
      <Filter>Header Files</Filter>
    </ClInclude>
    <ClInclude Include="krabs\krabs\schema_locator.hpp">
      <Filter>Header Files</Filter>
    </ClInclude>
    <ClInclude Include="krabs\krabs\size_provider.hpp">
      <Filter>Header Files</Filter>
    </ClInclude>
    <ClInclude Include="krabs\krabs\tdh_helpers.hpp">
      <Filter>Header Files</Filter>
    </ClInclude>
    <ClInclude Include="krabs\krabs\trace.hpp">
      <Filter>Header Files</Filter>
    </ClInclude>
    <ClInclude Include="krabs\krabs\trace_context.hpp">
      <Filter>Header Files</Filter>
    </ClInclude>
    <ClInclude Include="krabs\krabs\ut.hpp">
      <Filter>Header Files</Filter>
    </ClInclude>
    <ClInclude Include="krabs\krabs\version_helpers.hpp">
      <Filter>Header Files</Filter>
    </ClInclude>
    <ClInclude Include="krabs\krabs\wstring_convert.hpp">
      <Filter>Header Files</Filter>
    </ClInclude>
    <ClInclude Include="krabs\krabs.hpp">
      <Filter>Header Files</Filter>
    </ClInclude>
    <ClInclude Include="service\service.h">
      <Filter>Header Files</Filter>
    </ClInclude>
    <ClInclude Include="ulti\debug.h">
      <Filter>Header Files</Filter>
    </ClInclude>
    <ClInclude Include="ulti\include.h">
      <Filter>Header Files</Filter>
    </ClInclude>
    <ClInclude Include="ulti\support.h">
      <Filter>Header Files</Filter>
    </ClInclude>
    <ClInclude Include="EtwController.h">
      <Filter>Header Files</Filter>
    </ClInclude>
  </ItemGroup>
</Project>