
Microsoft Visual Studio Solution File, Format Version 12.00
# Visual Studio Version 17
VisualStudioVersion = 17.14.36705.20 d17.14
MinimumVisualStudioVersion = 10.0.40219.1
Project("{8BC9CEB8-8B4A-11D0-8D11-00A0C91BC942}") = "EtwFileEventCollector", "EtwFileEventCollector.vcxproj", "{591FCBFC-1BBF-44F2-A7FC-8C8690416664}"
EndProject
Global
	GlobalSection(SolutionConfigurationPlatforms) = preSolution
		Debug|x64 = Debug|x64
		Debug|x86 = Debug|x86
		Release|x64 = Release|x64
		Release|x86 = Release|x86
	EndGlobalSection
	GlobalSection(ProjectConfigurationPlatforms) = postSolution
		{591FCBFC-1BBF-44F2-A7FC-8C8690416664}.Debug|x64.ActiveCfg = Debug|x64
		{591FCBFC-1BBF-44F2-A7FC-8C8690416664}.Debug|x64.Build.0 = Debug|x64
		{591FCBFC-1BBF-44F2-A7FC-8C8690416664}.Debug|x86.ActiveCfg = Debug|Win32
		{591FCBFC-1BBF-44F2-A7FC-8C8690416664}.Debug|x86.Build.0 = Debug|Win32
		{591FCBFC-1BBF-44F2-A7FC-8C8690416664}.Release|x64.ActiveCfg = Release|x64
		{591FCBFC-1BBF-44F2-A7FC-8C8690416664}.Release|x64.Build.0 = Release|x64
		{591FCBFC-1BBF-44F2-A7FC-8C8690416664}.Release|x86.ActiveCfg = Release|Win32
		{591FCBFC-1BBF-44F2-A7FC-8C8690416664}.Release|x86.Build.0 = Release|Win32
	EndGlobalSection
	GlobalSection(SolutionProperties) = preSolution
		HideSolutionNode = FALSE
	EndGlobalSection
	GlobalSection(ExtensibilityGlobals) = postSolution
		SolutionGuid = {5FB6EDEE-291B-4CB4-90E2-5AB9944874AC}
	EndGlobalSection
EndGlobal
